
Microsoft Visual Studio Solution File, Format Version 12.00
# Visual Studio 15
VisualStudioVersion = 15.0.28307.329
MinimumVisualStudioVersion = 10.0.40219.1
Project("{9A19103F-16F7-4668-BE54-9A1E7A4F7556}") = "VG.MasterpieceCatalog", "VG.MasterpieceCatalog\VG.MasterpieceCatalog.csproj", "{D3889AFB-D6FA-4945-813D-8C14EAFA4097}"
EndProject
Project("{9A19103F-16F7-4668-BE54-9A1E7A4F7556}") = "VG.MasterpieceCatalog.Domain", "VG.MasterpieceCatalog.Domain\VG.MasterpieceCatalog.Domain.csproj", "{FE6316DD-7118-4A9E-A468-0502C06A2374}"
EndProject
Project("{9A19103F-16F7-4668-BE54-9A1E7A4F7556}") = "VG.MasterpieceCatalog.Infrastructure", "VG.MasterpieceCatalog.Infrastructure\VG.MasterpieceCatalog.Infrastructure.csproj", "{1B1A41BD-A40D-451F-A0E9-A8A4C0E901A0}"
EndProject
Project("{9A19103F-16F7-4668-BE54-9A1E7A4F7556}") = "VG.MasterpieceCatalog.Perspective", "VG.MasterpieceCatalog.Perspective\VG.MasterpieceCatalog.Perspective.csproj", "{AC3385E3-24E1-4824-9CC5-C62CA7BF5AAD}"
EndProject
Project("{FAE04EC0-301F-11D3-BF4B-00C04F79EFBC}") = "VG.MasterpieceCatalog.Tests", "VG.MasterpieceCatalog.Tests\VG.MasterpieceCatalog.Tests.csproj", "{F2ECAC24-3493-4672-B563-19CDFA694178}"
EndProject
Global
	GlobalSection(SolutionConfigurationPlatforms) = preSolution
		Debug|Any CPU = Debug|Any CPU
		Release|Any CPU = Release|Any CPU
	EndGlobalSection
	GlobalSection(ProjectConfigurationPlatforms) = postSolution
		{D3889AFB-D6FA-4945-813D-8C14EAFA4097}.Debug|Any CPU.ActiveCfg = Debug|Any CPU
		{D3889AFB-D6FA-4945-813D-8C14EAFA4097}.Debug|Any CPU.Build.0 = Debug|Any CPU
		{D3889AFB-D6FA-4945-813D-8C14EAFA4097}.Release|Any CPU.ActiveCfg = Release|Any CPU
		{D3889AFB-D6FA-4945-813D-8C14EAFA4097}.Release|Any CPU.Build.0 = Release|Any CPU
		{FE6316DD-7118-4A9E-A468-0502C06A2374}.Debug|Any CPU.ActiveCfg = Debug|Any CPU
		{FE6316DD-7118-4A9E-A468-0502C06A2374}.Debug|Any CPU.Build.0 = Debug|Any CPU
		{FE6316DD-7118-4A9E-A468-0502C06A2374}.Release|Any CPU.ActiveCfg = Release|Any CPU
		{FE6316DD-7118-4A9E-A468-0502C06A2374}.Release|Any CPU.Build.0 = Release|Any CPU
		{1B1A41BD-A40D-451F-A0E9-A8A4C0E901A0}.Debug|Any CPU.ActiveCfg = Debug|Any CPU
		{1B1A41BD-A40D-451F-A0E9-A8A4C0E901A0}.Debug|Any CPU.Build.0 = Debug|Any CPU
		{1B1A41BD-A40D-451F-A0E9-A8A4C0E901A0}.Release|Any CPU.ActiveCfg = Release|Any CPU
		{1B1A41BD-A40D-451F-A0E9-A8A4C0E901A0}.Release|Any CPU.Build.0 = Release|Any CPU
		{AC3385E3-24E1-4824-9CC5-C62CA7BF5AAD}.Debug|Any CPU.ActiveCfg = Debug|Any CPU
		{AC3385E3-24E1-4824-9CC5-C62CA7BF5AAD}.Debug|Any CPU.Build.0 = Debug|Any CPU
		{AC3385E3-24E1-4824-9CC5-C62CA7BF5AAD}.Release|Any CPU.ActiveCfg = Release|Any CPU
		{AC3385E3-24E1-4824-9CC5-C62CA7BF5AAD}.Release|Any CPU.Build.0 = Release|Any CPU
		{F2ECAC24-3493-4672-B563-19CDFA694178}.Debug|Any CPU.ActiveCfg = Debug|Any CPU
		{F2ECAC24-3493-4672-B563-19CDFA694178}.Debug|Any CPU.Build.0 = Debug|Any CPU
		{F2ECAC24-3493-4672-B563-19CDFA694178}.Release|Any CPU.ActiveCfg = Release|Any CPU
		{F2ECAC24-3493-4672-B563-19CDFA694178}.Release|Any CPU.Build.0 = Release|Any CPU
	EndGlobalSection
	GlobalSection(SolutionProperties) = preSolution
		HideSolutionNode = FALSE
	EndGlobalSection
	GlobalSection(ExtensibilityGlobals) = postSolution
		SolutionGuid = {1C83931F-78AF-43FB-BEB3-05E1FE4A0A44}
	EndGlobalSection
EndGlobal
